
Microsoft Visual Studio Solution File, Format Version 12.00
# Visual Studio Version 17
VisualStudioVersion = 17.3.32811.315
MinimumVisualStudioVersion = 10.0.40219.1
Project("{FAE04EC0-301F-11D3-BF4B-00C04F79EFBC}") = "EHI Assignment", "EHI Assignment\EHI Assignment.csproj", "{B5CB1659-E574-47C1-9141-BA10F2A7AE55}"
EndProject
Project("{FAE04EC0-301F-11D3-BF4B-00C04F79EFBC}") = "EHI Test Project", "EHI Test Project\EHI Test Project.csproj", "{5FE54188-5704-4035-BBD2-36C7A0A431F8}"
EndProject
Global
	GlobalSection(SolutionConfigurationPlatforms) = preSolution
		Debug|Any CPU = Debug|Any CPU
		Release|Any CPU = Release|Any CPU
	EndGlobalSection
	GlobalSection(ProjectConfigurationPlatforms) = postSolution
		{B5CB1659-E574-47C1-9141-BA10F2A7AE55}.Debug|Any CPU.ActiveCfg = Debug|Any CPU
		{B5CB1659-E574-47C1-9141-BA10F2A7AE55}.Debug|Any CPU.Build.0 = Debug|Any CPU
		{B5CB1659-E574-47C1-9141-BA10F2A7AE55}.Release|Any CPU.ActiveCfg = Release|Any CPU
		{B5CB1659-E574-47C1-9141-BA10F2A7AE55}.Release|Any CPU.Build.0 = Release|Any CPU
		{5FE54188-5704-4035-BBD2-36C7A0A431F8}.Debug|Any CPU.ActiveCfg = Debug|Any CPU
		{5FE54188-5704-4035-BBD2-36C7A0A431F8}.Debug|Any CPU.Build.0 = Debug|Any CPU
		{5FE54188-5704-4035-BBD2-36C7A0A431F8}.Release|Any CPU.ActiveCfg = Release|Any CPU
		{5FE54188-5704-4035-BBD2-36C7A0A431F8}.Release|Any CPU.Build.0 = Release|Any CPU
	EndGlobalSection
	GlobalSection(SolutionProperties) = preSolution
		HideSolutionNode = FALSE
	EndGlobalSection
	GlobalSection(ExtensibilityGlobals) = postSolution
		SolutionGuid = {3BC6244A-30F4-4384-BBAF-DAA455498FA1}
	EndGlobalSection
EndGlobal
